
Microsoft Visual Studio Solution File, Format Version 12.00
# Visual Studio Version 16
VisualStudioVersion = 16.0.30413.136
MinimumVisualStudioVersion = 10.0.40219.1
Project("{FAE04EC0-301F-11D3-BF4B-00C04F79EFBC}") = "WCF_chat", "WCF_chat.csproj", "{4660B5BF-023E-445A-9251-1CF6A4B26AF8}"
EndProject
Project("{FAE04EC0-301F-11D3-BF4B-00C04F79EFBC}") = "ChatHost", "ChatHost\ChatHost.csproj", "{4D9E9048-6E8B-449D-9AF5-C5DBE322484E}"
EndProject
Project("{FAE04EC0-301F-11D3-BF4B-00C04F79EFBC}") = "ChatClient", "ChatClient\ChatClient.csproj", "{C5C0A657-EBC5-4769-B092-8976BCF871E3}"
EndProject
Global
	GlobalSection(SolutionConfigurationPlatforms) = preSolution
		Debug|Any CPU = Debug|Any CPU
		Release|Any CPU = Release|Any CPU
	EndGlobalSection
	GlobalSection(ProjectConfigurationPlatforms) = postSolution
		{4660B5BF-023E-445A-9251-1CF6A4B26AF8}.Debug|Any CPU.ActiveCfg = Debug|Any CPU
		{4660B5BF-023E-445A-9251-1CF6A4B26AF8}.Debug|Any CPU.Build.0 = Debug|Any CPU
		{4660B5BF-023E-445A-9251-1CF6A4B26AF8}.Release|Any CPU.ActiveCfg = Release|Any CPU
		{4660B5BF-023E-445A-9251-1CF6A4B26AF8}.Release|Any CPU.Build.0 = Release|Any CPU
		{4D9E9048-6E8B-449D-9AF5-C5DBE322484E}.Debug|Any CPU.ActiveCfg = Debug|Any CPU
		{4D9E9048-6E8B-449D-9AF5-C5DBE322484E}.Debug|Any CPU.Build.0 = Debug|Any CPU
		{4D9E9048-6E8B-449D-9AF5-C5DBE322484E}.Release|Any CPU.ActiveCfg = Release|Any CPU
		{4D9E9048-6E8B-449D-9AF5-C5DBE322484E}.Release|Any CPU.Build.0 = Release|Any CPU
		{C5C0A657-EBC5-4769-B092-8976BCF871E3}.Debug|Any CPU.ActiveCfg = Debug|Any CPU
		{C5C0A657-EBC5-4769-B092-8976BCF871E3}.Debug|Any CPU.Build.0 = Debug|Any CPU
		{C5C0A657-EBC5-4769-B092-8976BCF871E3}.Release|Any CPU.ActiveCfg = Release|Any CPU
		{C5C0A657-EBC5-4769-B092-8976BCF871E3}.Release|Any CPU.Build.0 = Release|Any CPU
	EndGlobalSection
	GlobalSection(SolutionProperties) = preSolution
		HideSolutionNode = FALSE
	EndGlobalSection
	GlobalSection(ExtensibilityGlobals) = postSolution
		SolutionGuid = {8972B2C0-AC9F-4A99-8394-2C03573ADB82}
	EndGlobalSection
EndGlobal
